{
  "name": "ip-lookup",
  "lockfileVersion": 3,
  "requires": true,
  "packages": {
    "": {
      "name": "ip-lookup",
      "dependencies": {
        "ip2location-nodejs": "^9.7.0"
      },
      "engines": {
        "node": ">=18"
      }
    },
    "node_modules/csv-parser": {
      "version": "3.2.1",
      "resolved": "https://registry.npmjs.org/csv-parser/-/csv-parser-3.2.1.tgz",
      "integrity": "sha512-v8RPMSglouR9od735SnwSxLBbCJqEPSbgm1R5qfr8yIiMUCEFjox56kRZid0SvgHJEkxeIEu3+a9QS3YRh7CuA==",
      "license": "MIT",
      "bin": {
        "csv-parser": "bin/csv-parser"
      },
      "engines": {
        "node": ">= 10"
      }
    },
    "node_modules/ip2location-nodejs": {
      "version": "9.8.0",
      "resolved": "https://registry.npmjs.org/ip2location-nodejs/-/ip2location-nodejs-9.8.0.tgz",
      "integrity": "sha512-3O7S1A+eevRkwQwHYdK7ex2PuXAc3EMNJDHT4dkBIUlqE3hB/i5BNbmQImJw4kAj/rslPQHa5In4oTV/N04vRw==",
      "license": "MIT",
      "dependencies": {
        "csv-parser": "^3.0.0"
      }
    }
  }
}
